
Microsoft Visual Studio Solution File, Format Version 12.00
# Visual Studio Version 17
VisualStudioVersion = 17.7.34024.191
MinimumVisualStudioVersion = 10.0.40219.1
Project("{FAE04EC0-301F-11D3-BF4B-00C04F79EFBC}") = "operatorler", "operatorler\operatorler.csproj", "{DECEB3E5-96A5-48B2-9C8C-84A2821014D2}"
EndProject
Global
	GlobalSection(SolutionConfigurationPlatforms) = preSolution
		Debug|Any CPU = Debug|Any CPU
		Release|Any CPU = Release|Any CPU
	EndGlobalSection
	GlobalSection(ProjectConfigurationPlatforms) = postSolution
		{DECEB3E5-96A5-48B2-9C8C-84A2821014D2}.Debug|Any CPU.ActiveCfg = Debug|Any CPU
		{DECEB3E5-96A5-48B2-9C8C-84A2821014D2}.Debug|Any CPU.Build.0 = Debug|Any CPU
		{DECEB3E5-96A5-48B2-9C8C-84A2821014D2}.Release|Any CPU.ActiveCfg = Release|Any CPU
		{DECEB3E5-96A5-48B2-9C8C-84A2821014D2}.Release|Any CPU.Build.0 = Release|Any CPU
	EndGlobalSection
	GlobalSection(SolutionProperties) = preSolution
		HideSolutionNode = FALSE
	EndGlobalSection
	GlobalSection(ExtensibilityGlobals) = postSolution
		SolutionGuid = {43FE4DB2-63B2-4789-A5C7-3FC7FD8ACB99}
	EndGlobalSection
EndGlobal
